<?xml version="1.0" encoding="utf-8"?>
<Project ToolsVersion="4.0" xmlns="http://schemas.microsoft.com/developer/msbuild/2003">
  <ItemGroup>
    <Filter Include="Contents">
      <UniqueIdentifier>{9c6b7b3d-59c6-4c3f-818e-0e7459466bae}</UniqueIdentifier>
    </Filter>
    <Filter Include="Engine">
      <UniqueIdentifier>{3c27ee69-f1d2-49ad-8582-cf4f595043a1}</UniqueIdentifier>
    </Filter>
    <Filter Include="Contents\GameObject">
      <UniqueIdentifier>{45c0c128-02be-4d0d-a324-c7ac106350bb}</UniqueIdentifier>
    </Filter>
    <Filter Include="Contents\GameObject\Player">
      <UniqueIdentifier>{c4243093-c609-46c9-a632-d921ff22b82b}</UniqueIdentifier>
    </Filter>
    <Filter Include="Contents\GameObject\Bullet">
      <UniqueIdentifier>{d90384e4-0ecf-4616-8c5e-30c55e4ac141}</UniqueIdentifier>
    </Filter>
    <Filter Include="Engine\Common">
      <UniqueIdentifier>{74d2b316-399e-415b-aa94-c9eb2904948d}</UniqueIdentifier>
    </Filter>
    <Filter Include="Engine\Component">
      <UniqueIdentifier>{ec1e7d8a-1ea8-4df3-a22a-d339139273dc}</UniqueIdentifier>
    </Filter>
    <Filter Include="Engine\Graphics">
      <UniqueIdentifier>{a1a8c1f5-34de-4495-95f4-d8cb21b51fac}</UniqueIdentifier>
    </Filter>
    <Filter Include="Engine\Helpers">
      <UniqueIdentifier>{6496d162-6cbe-4b19-ac7e-7058cf85a2cd}</UniqueIdentifier>
    </Filter>
    <Filter Include="Engine\High Level Interface">
      <UniqueIdentifier>{812b170f-0885-48e2-8ab0-de4cd43eb2c1}</UniqueIdentifier>
    </Filter>
    <Filter Include="Engine\Resource">
      <UniqueIdentifier>{f6e2d5f3-0cae-4978-b3c3-270ad93b0049}</UniqueIdentifier>
    </Filter>
    <Filter Include="Engine\Scene">
      <UniqueIdentifier>{9d3e85ee-bf22-456b-8b07-f1d8dd9bdfc4}</UniqueIdentifier>
    </Filter>
    <Filter Include="Engine\System">
      <UniqueIdentifier>{eaacc886-b1cc-4b92-aeb8-5c51b3b18e6d}</UniqueIdentifier>
    </Filter>
    <Filter Include="Engine\Graphics\API">
      <UniqueIdentifier>{65bf88e0-60d3-4990-8567-89e250dc1f8d}</UniqueIdentifier>
    </Filter>
    <Filter Include="Engine\Graphics\GameObject">
      <UniqueIdentifier>{f35a4af8-64e4-4a13-84e4-bcf85b109dbc}</UniqueIdentifier>
    </Filter>
    <Filter Include="Engine\Helpers\Input">
      <UniqueIdentifier>{cf5e45c1-6707-4eb0-9001-05f492ef6bf1}</UniqueIdentifier>
    </Filter>
    <Filter Include="Engine\Helpers\Mathatics">
      <UniqueIdentifier>{dacbe98b-50cd-4715-b923-fa62f77a1232}</UniqueIdentifier>
    </Filter>
    <Filter Include="Engine\Helpers\Time">
      <UniqueIdentifier>{47fd602d-e7d5-4947-b9f7-86ced4312d8d}</UniqueIdentifier>
    </Filter>
    <Filter Include="Engine\Resource\Manager">
      <UniqueIdentifier>{dc5fbfb6-9cf0-4c12-81b8-ebc35a6b5ca2}</UniqueIdentifier>
    </Filter>
    <Filter Include="Engine\Resource\Mesh">
      <UniqueIdentifier>{f382f7ac-434e-4585-ab2c-42ac1da1b29e}</UniqueIdentifier>
    </Filter>
    <Filter Include="Engine\Resource\Shader">
      <UniqueIdentifier>{13715bfa-ac29-4b65-8e0c-ad91bda68a90}</UniqueIdentifier>
    </Filter>
  </ItemGroup>
  <ItemGroup>
    <ClInclude Include="$(MSBuildThisFileDirectory)hyBullet.h">
      <Filter>Contents\GameObject\Bullet</Filter>
    </ClInclude>
    <ClInclude Include="$(MSBuildThisFileDirectory)hyPlayer.h">
      <Filter>Contents\GameObject\Player</Filter>
    </ClInclude>
    <ClInclude Include="$(MSBuildThisFileDirectory)CommonInclude.h">
      <Filter>Engine\Common</Filter>
    </ClInclude>
    <ClInclude Include="$(MSBuildThisFileDirectory)Directx11_2D_Engine.h">
      <Filter>Engine\Common</Filter>
    </ClInclude>
    <ClInclude Include="$(MSBuildThisFileDirectory)hyEnums.h">
      <Filter>Engine\Common</Filter>
    </ClInclude>
    <ClInclude Include="$(MSBuildThisFileDirectory)hyTransform.h">
      <Filter>Engine\Component</Filter>
    </ClInclude>
    <ClInclude Include="$(MSBuildThisFileDirectory)hyMeshRenderer.h">
      <Filter>Engine\Component</Filter>
    </ClInclude>
    <ClInclude Include="$(MSBuildThisFileDirectory)hyComponent.h">
      <Filter>Engine\Component</Filter>
    </ClInclude>
    <ClInclude Include="$(MSBuildThisFileDirectory)hyGraphics.h">
      <Filter>Engine\Graphics\API</Filter>
    </ClInclude>
    <ClInclude Include="$(MSBuildThisFileDirectory)hyGraphicsDevice.h">
      <Filter>Engine\Graphics\API</Filter>
    </ClInclude>
    <ClInclude Include="$(MSBuildThisFileDirectory)hyGraphicsDevice_DX11.h">
      <Filter>Engine\Graphics\API</Filter>
    </ClInclude>
    <ClInclude Include="$(MSBuildThisFileDirectory)hyObject.h">
      <Filter>Engine\Graphics\GameObject</Filter>
    </ClInclude>
    <ClInclude Include="$(MSBuildThisFileDirectory)hyGameObject.h">
      <Filter>Engine\Graphics\GameObject</Filter>
    </ClInclude>
    <ClInclude Include="$(MSBuildThisFileDirectory)hyEntity.h">
      <Filter>Engine\Graphics\GameObject</Filter>
    </ClInclude>
    <ClInclude Include="$(MSBuildThisFileDirectory)hyRenderer.h">
      <Filter>Engine\Graphics</Filter>
    </ClInclude>
    <ClInclude Include="$(MSBuildThisFileDirectory)hyInput.h">
      <Filter>Engine\Helpers\Input</Filter>
    </ClInclude>
    <ClInclude Include="$(MSBuildThisFileDirectory)hymath.h">
      <Filter>Engine\Helpers\Mathatics</Filter>
    </ClInclude>
    <ClInclude Include="$(MSBuildThisFileDirectory)hyTime.h">
      <Filter>Engine\Helpers\Time</Filter>
    </ClInclude>
    <ClInclude Include="$(MSBuildThisFileDirectory)hyMaterial.h">
      <Filter>Engine\High Level Interface</Filter>
    </ClInclude>
    <ClInclude Include="$(MSBuildThisFileDirectory)hyApplication.h">
      <Filter>Engine\High Level Interface</Filter>
    </ClInclude>
    <ClInclude Include="$(MSBuildThisFileDirectory)hyConstantBuffer.h">
      <Filter>Engine\Resource\Shader</Filter>
    </ClInclude>
    <ClInclude Include="$(MSBuildThisFileDirectory)hyShader.h">
      <Filter>Engine\Resource\Shader</Filter>
    </ClInclude>
    <ClInclude Include="$(MSBuildThisFileDirectory)hyMesh.h">
      <Filter>Engine\Resource\Mesh</Filter>
    </ClInclude>
    <ClInclude Include="$(MSBuildThisFileDirectory)hyResources.h">
      <Filter>Engine\Resource\Manager</Filter>
    </ClInclude>
    <ClInclude Include="$(MSBuildThisFileDirectory)hySceneManager.h">
      <Filter>Engine\Scene</Filter>
    </ClInclude>
    <ClInclude Include="$(MSBuildThisFileDirectory)hyScene.h">
      <Filter>Engine\Scene</Filter>
    </ClInclude>
    <ClInclude Include="$(MSBuildThisFileDirectory)hyLayer.h">
      <Filter>Engine\Scene</Filter>
    </ClInclude>
    <ClInclude Include="$(MSBuildThisFileDirectory)hyCanvas.h">
      <Filter>Engine\System</Filter>
    </ClInclude>
    <ClInclude Include="$(MSBuildThisFileDirectory)hyResource.h">
      <Filter>Engine\Resource</Filter>
    </ClInclude>
  </ItemGroup>
  <ItemGroup>
    <ClCompile Include="$(MSBuildThisFileDirectory)hyBullet.cpp">
      <Filter>Contents\GameObject\Bullet</Filter>
    </ClCompile>
    <ClCompile Include="$(MSBuildThisFileDirectory)hyPlayer.cpp">
      <Filter>Contents\GameObject\Player</Filter>
    </ClCompile>
    <ClCompile Include="$(MSBuildThisFileDirectory)hyTransform.cpp">
      <Filter>Engine\Component</Filter>
    </ClCompile>
    <ClCompile Include="$(MSBuildThisFileDirectory)hyMeshRenderer.cpp">
      <Filter>Engine\Component</Filter>
    </ClCompile>
    <ClCompile Include="$(MSBuildThisFileDirectory)hyComponent.cpp">
      <Filter>Engine\Component</Filter>
    </ClCompile>
    <ClCompile Include="$(MSBuildThisFileDirectory)hyGraphicsDevice_DX11.cpp">
      <Filter>Engine\Graphics\API</Filter>
    </ClCompile>
    <ClCompile Include="$(MSBuildThisFileDirectory)hyEntity.cpp">
      <Filter>Engine\Graphics\GameObject</Filter>
    </ClCompile>
    <ClCompile Include="$(MSBuildThisFileDirectory)hyGameObject.cpp">
      <Filter>Engine\Graphics\GameObject</Filter>
    </ClCompile>
    <ClCompile Include="$(MSBuildThisFileDirectory)hyRenderer.cpp">
      <Filter>Engine\Graphics</Filter>
    </ClCompile>
    <ClCompile Include="$(MSBuildThisFileDirectory)hyInput.cpp">
      <Filter>Engine\Helpers\Input</Filter>
    </ClCompile>
    <ClCompile Include="$(MSBuildThisFileDirectory)hymath.cpp">
      <Filter>Engine\Helpers\Mathatics</Filter>
    </ClCompile>
    <ClCompile Include="$(MSBuildThisFileDirectory)hyTime.cpp">
      <Filter>Engine\Helpers\Time</Filter>
    </ClCompile>
    <ClCompile Include="$(MSBuildThisFileDirectory)hyMaterial.cpp">
      <Filter>Engine\High Level Interface</Filter>
    </ClCompile>
    <ClCompile Include="$(MSBuildThisFileDirectory)hyApplication.cpp">
      <Filter>Engine\High Level Interface</Filter>
    </ClCompile>
    <ClCompile Include="$(MSBuildThisFileDirectory)hyResources.cpp">
      <Filter>Engine\Resource\Manager</Filter>
    </ClCompile>
    <ClCompile Include="$(MSBuildThisFileDirectory)hyMesh.cpp">
      <Filter>Engine\Resource\Mesh</Filter>
    </ClCompile>
    <ClCompile Include="$(MSBuildThisFileDirectory)hyConstantBuffer.cpp">
      <Filter>Engine\Resource\Shader</Filter>
    </ClCompile>
    <ClCompile Include="$(MSBuildThisFileDirectory)hyShader.cpp">
      <Filter>Engine\Resource\Shader</Filter>
    </ClCompile>
    <ClCompile Include="$(MSBuildThisFileDirectory)hySceneManager.cpp">
      <Filter>Engine\Scene</Filter>
    </ClCompile>
    <ClCompile Include="$(MSBuildThisFileDirectory)hyScene.cpp">
      <Filter>Engine\Scene</Filter>
    </ClCompile>
    <ClCompile Include="$(MSBuildThisFileDirectory)hyLayer.cpp">
      <Filter>Engine\Scene</Filter>
    </ClCompile>
    <ClCompile Include="$(MSBuildThisFileDirectory)hyResource.cpp">
      <Filter>Engine\Resource</Filter>
    </ClCompile>
  </ItemGroup>
</Project>