<?xml version="1.0" encoding="utf-8"?>
<Project ToolsVersion="4.0" xmlns="http://schemas.microsoft.com/developer/msbuild/2003">
  <ItemGroup>
    <Filter Include="리소스 파일">
      <UniqueIdentifier>{67DA6AB6-F800-4c08-8B7A-83BB121AAD01}</UniqueIdentifier>
      <Extensions>rc;ico;cur;bmp;dlg;rc2;rct;bin;rgs;gif;jpg;jpeg;jpe;resx;tiff;tif;png;wav;mfcribbon-ms</Extensions>
    </Filter>
    <Filter Include="Scenes">
      <UniqueIdentifier>{3a3c56dd-b1de-472b-b79a-bdcb7f07420a}</UniqueIdentifier>
    </Filter>
    <Filter Include="Scripts">
      <UniqueIdentifier>{66da5f7a-aeb4-4d08-81b7-05ca224db26b}</UniqueIdentifier>
    </Filter>
    <Filter Include="GameObjects">
      <UniqueIdentifier>{5c68048c-0c42-4687-8406-e4b731988223}</UniqueIdentifier>
    </Filter>
    <Filter Include="GameObjects\Player">
      <UniqueIdentifier>{a29a5f9c-a344-43fe-b2ef-9d0c9d30aa26}</UniqueIdentifier>
    </Filter>
    <Filter Include="GameObjects\Bullet">
      <UniqueIdentifier>{c1f10d1c-3052-48c9-914a-304b2f9ded22}</UniqueIdentifier>
    </Filter>
  </ItemGroup>
  <ItemGroup>
    <ClInclude Include="hyLoadScene.h">
      <Filter>Scenes</Filter>
    </ClInclude>
    <ClInclude Include="hyPlayScene.h">
      <Filter>Scenes</Filter>
    </ClInclude>
    <ClInclude Include="hyPlayerScript.h">
      <Filter>Scripts</Filter>
    </ClInclude>
    <ClInclude Include="..\Directx11_2D_Engine_SOURCE\hyPlayer.h">
      <Filter>GameObjects\Player</Filter>
    </ClInclude>
    <ClInclude Include="..\Directx11_2D_Engine_SOURCE\hyBullet.h">
      <Filter>GameObjects\Bullet</Filter>
    </ClInclude>
  </ItemGroup>
  <ItemGroup>
    <ClCompile Include="hyPlayScene.cpp">
      <Filter>Scenes</Filter>
    </ClCompile>
    <ClCompile Include="hyPlayerScript.cpp">
      <Filter>Scripts</Filter>
    </ClCompile>
    <ClCompile Include="..\Directx11_2D_Engine_SOURCE\hyPlayer.cpp">
      <Filter>GameObjects\Player</Filter>
    </ClCompile>
    <ClCompile Include="..\Directx11_2D_Engine_SOURCE\hyBullet.cpp">
      <Filter>GameObjects\Bullet</Filter>
    </ClCompile>
  </ItemGroup>
</Project>